// !$*UTF8*$!
{
	archiveVersion = 1;
	classes = {
	};
	objectVersion = 46;
	objects = {

/* Begin PBXBuildFile section */
		3E9474A41846DDE200C28A41 /* WBHTTP_Request_Block.m in Sources */ = {isa = PBXBuildFile; fileRef = 3E9474A31846DDE200C28A41 /* WBHTTP_Request_Block.m */; settings = {COMPILER_FLAGS = "-fno-objc-arc"; }; };
		3E9474A71846E0E400C28A41 /* Friends_Timeline_Weibo.m in Sources */ = {isa = PBXBuildFile; fileRef = 3E9474A61846E0E400C28A41 /* Friends_Timeline_Weibo.m */; };
		3E9BB7121848818200D1E418 /* libsqlite3.0.dylib in Frameworks */ = {isa = PBXBuildFile; fileRef = 3E9BB7111848818200D1E418 /* libsqlite3.0.dylib */; };
		3E9BB71E184883F200D1E418 /* FMDatabase.m in Sources */ = {isa = PBXBuildFile; fileRef = 3E9BB715184883F200D1E418 /* FMDatabase.m */; settings = {COMPILER_FLAGS = "-fobjc-arc"; }; };
		3E9BB71F184883F200D1E418 /* FMDatabaseAdditions.m in Sources */ = {isa = PBXBuildFile; fileRef = 3E9BB717184883F200D1E418 /* FMDatabaseAdditions.m */; settings = {COMPILER_FLAGS = "-fobjc-arc"; }; };
		3E9BB720184883F200D1E418 /* FMDatabasePool.m in Sources */ = {isa = PBXBuildFile; fileRef = 3E9BB719184883F200D1E418 /* FMDatabasePool.m */; settings = {COMPILER_FLAGS = "-fobjc-arc"; }; };
		3E9BB721184883F200D1E418 /* FMDatabaseQueue.m in Sources */ = {isa = PBXBuildFile; fileRef = 3E9BB71B184883F200D1E418 /* FMDatabaseQueue.m */; settings = {COMPILER_FLAGS = "-fobjc-arc"; }; };
		3E9BB722184883F200D1E418 /* FMResultSet.m in Sources */ = {isa = PBXBuildFile; fileRef = 3E9BB71D184883F200D1E418 /* FMResultSet.m */; settings = {COMPILER_FLAGS = "-fobjc-arc"; }; };
		3E9BB725184893A300D1E418 /* WeiboDataBase.m in Sources */ = {isa = PBXBuildFile; fileRef = 3E9BB724184893A300D1E418 /* WeiboDataBase.m */; };
		3E9D286E1845A4FA003BF289 /* Emotions.m in Sources */ = {isa = PBXBuildFile; fileRef = 3E9D286D1845A4FA003BF289 /* Emotions.m */; };
		3E9D28711845CC60003BF289 /* ImageDownload.m in Sources */ = {isa = PBXBuildFile; fileRef = 3E9D28701845CC60003BF289 /* ImageDownload.m */; settings = {COMPILER_FLAGS = "-fno-objc-arc"; }; };
		3E9D28731845D9A1003BF289 /* MediaPlayer.framework in Frameworks */ = {isa = PBXBuildFile; fileRef = 3E9D28721845D9A0003BF289 /* MediaPlayer.framework */; };
		3EA05BC2184B2E2200D6D941 /* Comment.m in Sources */ = {isa = PBXBuildFile; fileRef = 3EA05BC1184B2E2200D6D941 /* Comment.m */; };
		3EA05BC5184B325300D6D941 /* Privacy.m in Sources */ = {isa = PBXBuildFile; fileRef = 3EA05BC4184B325300D6D941 /* Privacy.m */; };
		3EA05BC8184B347500D6D941 /* Remind.m in Sources */ = {isa = PBXBuildFile; fileRef = 3EA05BC7184B347500D6D941 /* Remind.m */; };
		3EA05BCB184B369600D6D941 /* Url_short.m in Sources */ = {isa = PBXBuildFile; fileRef = 3EA05BCA184B369600D6D941 /* Url_short.m */; };
		3EA05BCE184B382F00D6D941 /* Geo.m in Sources */ = {isa = PBXBuildFile; fileRef = 3EA05BCD184B382F00D6D941 /* Geo.m */; };
		3EA7F9B718447CE100F39EF6 /* TestData.json in Resources */ = {isa = PBXBuildFile; fileRef = 3EA7F9B618447CE100F39EF6 /* TestData.json */; };
		3EA7F9D1184480E700F39EF6 /* libxml2.2.dylib in Frameworks */ = {isa = PBXBuildFile; fileRef = 3EA7F9D0184480E700F39EF6 /* libxml2.2.dylib */; };
		3EA7F9D418448B9300F39EF6 /* Public_Timeline_Weibo.m in Sources */ = {isa = PBXBuildFile; fileRef = 3EA7F9D318448B9300F39EF6 /* Public_Timeline_Weibo.m */; };
		3EA7F9D718449EE400F39EF6 /* WeiBoContext.m in Sources */ = {isa = PBXBuildFile; fileRef = 3EA7F9D618449EE400F39EF6 /* WeiBoContext.m */; };
		3EA7F9DA18449F1C00F39EF6 /* UserInfo.m in Sources */ = {isa = PBXBuildFile; fileRef = 3EA7F9D918449F1C00F39EF6 /* UserInfo.m */; };
		3EDAA13F183F49FA00BDB026 /* UIKit.framework in Frameworks */ = {isa = PBXBuildFile; fileRef = 3EDAA13E183F49FA00BDB026 /* UIKit.framework */; };
		3EDAA141183F49FA00BDB026 /* Foundation.framework in Frameworks */ = {isa = PBXBuildFile; fileRef = 3EDAA140183F49FA00BDB026 /* Foundation.framework */; };
		3EDAA143183F49FA00BDB026 /* CoreGraphics.framework in Frameworks */ = {isa = PBXBuildFile; fileRef = 3EDAA142183F49FA00BDB026 /* CoreGraphics.framework */; };
		3EDAA149183F49FA00BDB026 /* InfoPlist.strings in Resources */ = {isa = PBXBuildFile; fileRef = 3EDAA147183F49FA00BDB026 /* InfoPlist.strings */; };
		3EDAA14B183F49FA00BDB026 /* main.m in Sources */ = {isa = PBXBuildFile; fileRef = 3EDAA14A183F49FA00BDB026 /* main.m */; };
		3EDAA14F183F49FA00BDB026 /* AppDelegate.m in Sources */ = {isa = PBXBuildFile; fileRef = 3EDAA14E183F49FA00BDB026 /* AppDelegate.m */; };
		3EDAA151183F49FA00BDB026 /* Default.png in Resources */ = {isa = PBXBuildFile; fileRef = 3EDAA150183F49FA00BDB026 /* Default.png */; };
		3EDAA153183F49FA00BDB026 /* Default@2x.png in Resources */ = {isa = PBXBuildFile; fileRef = 3EDAA152183F49FA00BDB026 /* Default@2x.png */; };
		3EDAA155183F49FA00BDB026 /* Default-568h@2x.png in Resources */ = {isa = PBXBuildFile; fileRef = 3EDAA154183F49FA00BDB026 /* Default-568h@2x.png */; };
		3EDAA15D183F4ADA00BDB026 /* RootViewController.m in Sources */ = {isa = PBXBuildFile; fileRef = 3EDAA15C183F4ADA00BDB026 /* RootViewController.m */; };
		3EDAA168183F4B7300BDB026 /* libWeiboSDK.a in Frameworks */ = {isa = PBXBuildFile; fileRef = 3EDAA165183F4B7300BDB026 /* libWeiboSDK.a */; };
		3EDAA169183F4B7300BDB026 /* WeiboSDK.bundle in Resources */ = {isa = PBXBuildFile; fileRef = 3EDAA166183F4B7300BDB026 /* WeiboSDK.bundle */; };
/* End PBXBuildFile section */

/* Begin PBXFileReference section */
		3E9474A21846DDE200C28A41 /* WBHTTP_Request_Block.h */ = {isa = PBXFileReference; fileEncoding = 4; lastKnownFileType = sourcecode.c.h; path = WBHTTP_Request_Block.h; sourceTree = "<group>"; };
		3E9474A31846DDE200C28A41 /* WBHTTP_Request_Block.m */ = {isa = PBXFileReference; fileEncoding = 4; lastKnownFileType = sourcecode.c.objc; path = WBHTTP_Request_Block.m; sourceTree = "<group>"; };
		3E9474A51846E0E400C28A41 /* Friends_Timeline_Weibo.h */ = {isa = PBXFileReference; fileEncoding = 4; lastKnownFileType = sourcecode.c.h; path = Friends_Timeline_Weibo.h; sourceTree = "<group>"; };
		3E9474A61846E0E400C28A41 /* Friends_Timeline_Weibo.m */ = {isa = PBXFileReference; fileEncoding = 4; lastKnownFileType = sourcecode.c.objc; path = Friends_Timeline_Weibo.m; sourceTree = "<group>"; };
		3E9BB7111848818200D1E418 /* libsqlite3.0.dylib */ = {isa = PBXFileReference; lastKnownFileType = "compiled.mach-o.dylib"; name = libsqlite3.0.dylib; path = usr/lib/libsqlite3.0.dylib; sourceTree = SDKROOT; };
		3E9BB714184883F200D1E418 /* FMDatabase.h */ = {isa = PBXFileReference; fileEncoding = 4; lastKnownFileType = sourcecode.c.h; path = FMDatabase.h; sourceTree = "<group>"; };
		3E9BB715184883F200D1E418 /* FMDatabase.m */ = {isa = PBXFileReference; fileEncoding = 4; lastKnownFileType = sourcecode.c.objc; path = FMDatabase.m; sourceTree = "<group>"; };
		3E9BB716184883F200D1E418 /* FMDatabaseAdditions.h */ = {isa = PBXFileReference; fileEncoding = 4; lastKnownFileType = sourcecode.c.h; path = FMDatabaseAdditions.h; sourceTree = "<group>"; };
		3E9BB717184883F200D1E418 /* FMDatabaseAdditions.m */ = {isa = PBXFileReference; fileEncoding = 4; lastKnownFileType = sourcecode.c.objc; path = FMDatabaseAdditions.m; sourceTree = "<group>"; };
		3E9BB718184883F200D1E418 /* FMDatabasePool.h */ = {isa = PBXFileReference; fileEncoding = 4; lastKnownFileType = sourcecode.c.h; path = FMDatabasePool.h; sourceTree = "<group>"; };
		3E9BB719184883F200D1E418 /* FMDatabasePool.m */ = {isa = PBXFileReference; fileEncoding = 4; lastKnownFileType = sourcecode.c.objc; path = FMDatabasePool.m; sourceTree = "<group>"; };
		3E9BB71A184883F200D1E418 /* FMDatabaseQueue.h */ = {isa = PBXFileReference; fileEncoding = 4; lastKnownFileType = sourcecode.c.h; path = FMDatabaseQueue.h; sourceTree = "<group>"; };
		3E9BB71B184883F200D1E418 /* FMDatabaseQueue.m */ = {isa = PBXFileReference; fileEncoding = 4; lastKnownFileType = sourcecode.c.objc; path = FMDatabaseQueue.m; sourceTree = "<group>"; };
		3E9BB71C184883F200D1E418 /* FMResultSet.h */ = {isa = PBXFileReference; fileEncoding = 4; lastKnownFileType = sourcecode.c.h; path = FMResultSet.h; sourceTree = "<group>"; };
		3E9BB71D184883F200D1E418 /* FMResultSet.m */ = {isa = PBXFileReference; fileEncoding = 4; lastKnownFileType = sourcecode.c.objc; path = FMResultSet.m; sourceTree = "<group>"; };
		3E9BB723184893A300D1E418 /* WeiboDataBase.h */ = {isa = PBXFileReference; fileEncoding = 4; lastKnownFileType = sourcecode.c.h; path = WeiboDataBase.h; sourceTree = "<group>"; };
		3E9BB724184893A300D1E418 /* WeiboDataBase.m */ = {isa = PBXFileReference; fileEncoding = 4; lastKnownFileType = sourcecode.c.objc; path = WeiboDataBase.m; sourceTree = "<group>"; };
		3E9D286C1845A4FA003BF289 /* Emotions.h */ = {isa = PBXFileReference; fileEncoding = 4; lastKnownFileType = sourcecode.c.h; path = Emotions.h; sourceTree = "<group>"; };
		3E9D286D1845A4FA003BF289 /* Emotions.m */ = {isa = PBXFileReference; fileEncoding = 4; lastKnownFileType = sourcecode.c.objc; path = Emotions.m; sourceTree = "<group>"; };
		3E9D286F1845CC60003BF289 /* ImageDownload.h */ = {isa = PBXFileReference; fileEncoding = 4; lastKnownFileType = sourcecode.c.h; path = ImageDownload.h; sourceTree = "<group>"; };
		3E9D28701845CC60003BF289 /* ImageDownload.m */ = {isa = PBXFileReference; fileEncoding = 4; lastKnownFileType = sourcecode.c.objc; path = ImageDownload.m; sourceTree = "<group>"; };
		3E9D28721845D9A0003BF289 /* MediaPlayer.framework */ = {isa = PBXFileReference; lastKnownFileType = wrapper.framework; name = MediaPlayer.framework; path = System/Library/Frameworks/MediaPlayer.framework; sourceTree = SDKROOT; };
		3EA05BC0184B2E2200D6D941 /* Comment.h */ = {isa = PBXFileReference; fileEncoding = 4; lastKnownFileType = sourcecode.c.h; path = Comment.h; sourceTree = "<group>"; };
		3EA05BC1184B2E2200D6D941 /* Comment.m */ = {isa = PBXFileReference; fileEncoding = 4; lastKnownFileType = sourcecode.c.objc; path = Comment.m; sourceTree = "<group>"; };
		3EA05BC3184B325300D6D941 /* Privacy.h */ = {isa = PBXFileReference; fileEncoding = 4; lastKnownFileType = sourcecode.c.h; path = Privacy.h; sourceTree = "<group>"; };
		3EA05BC4184B325300D6D941 /* Privacy.m */ = {isa = PBXFileReference; fileEncoding = 4; lastKnownFileType = sourcecode.c.objc; path = Privacy.m; sourceTree = "<group>"; };
		3EA05BC6184B347500D6D941 /* Remind.h */ = {isa = PBXFileReference; fileEncoding = 4; lastKnownFileType = sourcecode.c.h; path = Remind.h; sourceTree = "<group>"; };
		3EA05BC7184B347500D6D941 /* Remind.m */ = {isa = PBXFileReference; fileEncoding = 4; lastKnownFileType = sourcecode.c.objc; path = Remind.m; sourceTree = "<group>"; };
		3EA05BC9184B369600D6D941 /* Url_short.h */ = {isa = PBXFileReference; fileEncoding = 4; lastKnownFileType = sourcecode.c.h; path = Url_short.h; sourceTree = "<group>"; };
		3EA05BCA184B369600D6D941 /* Url_short.m */ = {isa = PBXFileReference; fileEncoding = 4; lastKnownFileType = sourcecode.c.objc; path = Url_short.m; sourceTree = "<group>"; };
		3EA05BCC184B382F00D6D941 /* Geo.h */ = {isa = PBXFileReference; fileEncoding = 4; lastKnownFileType = sourcecode.c.h; path = Geo.h; sourceTree = "<group>"; };
		3EA05BCD184B382F00D6D941 /* Geo.m */ = {isa = PBXFileReference; fileEncoding = 4; lastKnownFileType = sourcecode.c.objc; path = Geo.m; sourceTree = "<group>"; };
		3EA7F9B618447CE100F39EF6 /* TestData.json */ = {isa = PBXFileReference; fileEncoding = 4; lastKnownFileType = text.json; path = TestData.json; sourceTree = "<group>"; };
		3EA7F9D0184480E700F39EF6 /* libxml2.2.dylib */ = {isa = PBXFileReference; lastKnownFileType = "compiled.mach-o.dylib"; name = libxml2.2.dylib; path = usr/lib/libxml2.2.dylib; sourceTree = SDKROOT; };
		3EA7F9D218448B9300F39EF6 /* Public_Timeline_Weibo.h */ = {isa = PBXFileReference; fileEncoding = 4; lastKnownFileType = sourcecode.c.h; path = Public_Timeline_Weibo.h; sourceTree = "<group>"; };
		3EA7F9D318448B9300F39EF6 /* Public_Timeline_Weibo.m */ = {isa = PBXFileReference; fileEncoding = 4; lastKnownFileType = sourcecode.c.objc; path = Public_Timeline_Weibo.m; sourceTree = "<group>"; };
		3EA7F9D518449EE300F39EF6 /* WeiBoContext.h */ = {isa = PBXFileReference; fileEncoding = 4; lastKnownFileType = sourcecode.c.h; path = WeiBoContext.h; sourceTree = "<group>"; };
		3EA7F9D618449EE400F39EF6 /* WeiBoContext.m */ = {isa = PBXFileReference; fileEncoding = 4; lastKnownFileType = sourcecode.c.objc; path = WeiBoContext.m; sourceTree = "<group>"; };
		3EA7F9D818449F1C00F39EF6 /* UserInfo.h */ = {isa = PBXFileReference; fileEncoding = 4; lastKnownFileType = sourcecode.c.h; path = UserInfo.h; sourceTree = "<group>"; };
		3EA7F9D918449F1C00F39EF6 /* UserInfo.m */ = {isa = PBXFileReference; fileEncoding = 4; lastKnownFileType = sourcecode.c.objc; path = UserInfo.m; sourceTree = "<group>"; };
		3EDAA13B183F49FA00BDB026 /* Weibo_Test-0001.app */ = {isa = PBXFileReference; explicitFileType = wrapper.application; includeInIndex = 0; path = "Weibo_Test-0001.app"; sourceTree = BUILT_PRODUCTS_DIR; };
		3EDAA13E183F49FA00BDB026 /* UIKit.framework */ = {isa = PBXFileReference; lastKnownFileType = wrapper.framework; name = UIKit.framework; path = System/Library/Frameworks/UIKit.framework; sourceTree = SDKROOT; };
		3EDAA140183F49FA00BDB026 /* Foundation.framework */ = {isa = PBXFileReference; lastKnownFileType = wrapper.framework; name = Foundation.framework; path = System/Library/Frameworks/Foundation.framework; sourceTree = SDKROOT; };
		3EDAA142183F49FA00BDB026 /* CoreGraphics.framework */ = {isa = PBXFileReference; lastKnownFileType = wrapper.framework; name = CoreGraphics.framework; path = System/Library/Frameworks/CoreGraphics.framework; sourceTree = SDKROOT; };
		3EDAA146183F49FA00BDB026 /* Weibo_Test-0001-Info.plist */ = {isa = PBXFileReference; lastKnownFileType = text.plist.xml; path = "Weibo_Test-0001-Info.plist"; sourceTree = "<group>"; };
		3EDAA148183F49FA00BDB026 /* en */ = {isa = PBXFileReference; lastKnownFileType = text.plist.strings; name = en; path = en.lproj/InfoPlist.strings; sourceTree = "<group>"; };
		3EDAA14A183F49FA00BDB026 /* main.m */ = {isa = PBXFileReference; lastKnownFileType = sourcecode.c.objc; path = main.m; sourceTree = "<group>"; };
		3EDAA14C183F49FA00BDB026 /* Weibo_Test-0001-Prefix.pch */ = {isa = PBXFileReference; lastKnownFileType = sourcecode.c.h; path = "Weibo_Test-0001-Prefix.pch"; sourceTree = "<group>"; };
		3EDAA14D183F49FA00BDB026 /* AppDelegate.h */ = {isa = PBXFileReference; lastKnownFileType = sourcecode.c.h; path = AppDelegate.h; sourceTree = "<group>"; };
		3EDAA14E183F49FA00BDB026 /* AppDelegate.m */ = {isa = PBXFileReference; lastKnownFileType = sourcecode.c.objc; path = AppDelegate.m; sourceTree = "<group>"; };
		3EDAA150183F49FA00BDB026 /* Default.png */ = {isa = PBXFileReference; lastKnownFileType = image.png; path = Default.png; sourceTree = "<group>"; };
		3EDAA152183F49FA00BDB026 /* Default@2x.png */ = {isa = PBXFileReference; lastKnownFileType = image.png; path = "Default@2x.png"; sourceTree = "<group>"; };
		3EDAA154183F49FA00BDB026 /* Default-568h@2x.png */ = {isa = PBXFileReference; lastKnownFileType = image.png; path = "Default-568h@2x.png"; sourceTree = "<group>"; };
		3EDAA15B183F4ADA00BDB026 /* RootViewController.h */ = {isa = PBXFileReference; fileEncoding = 4; lastKnownFileType = sourcecode.c.h; path = RootViewController.h; sourceTree = "<group>"; };
		3EDAA15C183F4ADA00BDB026 /* RootViewController.m */ = {isa = PBXFileReference; fileEncoding = 4; lastKnownFileType = sourcecode.c.objc; path = RootViewController.m; sourceTree = "<group>"; };
		3EDAA165183F4B7300BDB026 /* libWeiboSDK.a */ = {isa = PBXFileReference; lastKnownFileType = archive.ar; path = libWeiboSDK.a; sourceTree = "<group>"; };
		3EDAA166183F4B7300BDB026 /* WeiboSDK.bundle */ = {isa = PBXFileReference; lastKnownFileType = "wrapper.plug-in"; path = WeiboSDK.bundle; sourceTree = "<group>"; };
		3EDAA167183F4B7300BDB026 /* WeiboSDK.h */ = {isa = PBXFileReference; fileEncoding = 4; lastKnownFileType = sourcecode.c.h; path = WeiboSDK.h; sourceTree = "<group>"; };
/* End PBXFileReference section */

/* Begin PBXFrameworksBuildPhase section */
		3EDAA138183F49FA00BDB026 /* Frameworks */ = {
			isa = PBXFrameworksBuildPhase;
			buildActionMask = 2147483647;
			files = (
				3E9BB7121848818200D1E418 /* libsqlite3.0.dylib in Frameworks */,
				3E9D28731845D9A1003BF289 /* MediaPlayer.framework in Frameworks */,
				3EA7F9D1184480E700F39EF6 /* libxml2.2.dylib in Frameworks */,
				3EDAA13F183F49FA00BDB026 /* UIKit.framework in Frameworks */,
				3EDAA141183F49FA00BDB026 /* Foundation.framework in Frameworks */,
				3EDAA143183F49FA00BDB026 /* CoreGraphics.framework in Frameworks */,
				3EDAA168183F4B7300BDB026 /* libWeiboSDK.a in Frameworks */,
			);
			runOnlyForDeploymentPostprocessing = 0;
		};
/* End PBXFrameworksBuildPhase section */

/* Begin PBXGroup section */
		3E9BB713184883F200D1E418 /* src */ = {
			isa = PBXGroup;
			children = (
				3E9BB714184883F200D1E418 /* FMDatabase.h */,
				3E9BB715184883F200D1E418 /* FMDatabase.m */,
				3E9BB716184883F200D1E418 /* FMDatabaseAdditions.h */,
				3E9BB717184883F200D1E418 /* FMDatabaseAdditions.m */,
				3E9BB718184883F200D1E418 /* FMDatabasePool.h */,
				3E9BB719184883F200D1E418 /* FMDatabasePool.m */,
				3E9BB71A184883F200D1E418 /* FMDatabaseQueue.h */,
				3E9BB71B184883F200D1E418 /* FMDatabaseQueue.m */,
				3E9BB71C184883F200D1E418 /* FMResultSet.h */,
				3E9BB71D184883F200D1E418 /* FMResultSet.m */,
			);
			path = src;
			sourceTree = "<group>";
		};
		3EDAA132183F49F900BDB026 = {
			isa = PBXGroup;
			children = (
				3EA05BCC184B382F00D6D941 /* Geo.h */,
				3EA05BCD184B382F00D6D941 /* Geo.m */,
				3EA05BC9184B369600D6D941 /* Url_short.h */,
				3EA05BCA184B369600D6D941 /* Url_short.m */,
				3EA05BC6184B347500D6D941 /* Remind.h */,
				3EA05BC7184B347500D6D941 /* Remind.m */,
				3EA05BC3184B325300D6D941 /* Privacy.h */,
				3EA05BC4184B325300D6D941 /* Privacy.m */,
				3EA05BC0184B2E2200D6D941 /* Comment.h */,
				3EA05BC1184B2E2200D6D941 /* Comment.m */,
				3E9BB723184893A300D1E418 /* WeiboDataBase.h */,
				3E9BB724184893A300D1E418 /* WeiboDataBase.m */,
				3E9BB713184883F200D1E418 /* src */,
				3E9474A51846E0E400C28A41 /* Friends_Timeline_Weibo.h */,
				3E9474A61846E0E400C28A41 /* Friends_Timeline_Weibo.m */,
				3E9474A21846DDE200C28A41 /* WBHTTP_Request_Block.h */,
				3E9474A31846DDE200C28A41 /* WBHTTP_Request_Block.m */,
				3E9D286F1845CC60003BF289 /* ImageDownload.h */,
				3E9D28701845CC60003BF289 /* ImageDownload.m */,
				3E9D286C1845A4FA003BF289 /* Emotions.h */,
				3E9D286D1845A4FA003BF289 /* Emotions.m */,
				3EA7F9D818449F1C00F39EF6 /* UserInfo.h */,
				3EA7F9D918449F1C00F39EF6 /* UserInfo.m */,
				3EA7F9D518449EE300F39EF6 /* WeiBoContext.h */,
				3EA7F9D618449EE400F39EF6 /* WeiBoContext.m */,
				3EA7F9D218448B9300F39EF6 /* Public_Timeline_Weibo.h */,
				3EA7F9D318448B9300F39EF6 /* Public_Timeline_Weibo.m */,
				3EA7F9B618447CE100F39EF6 /* TestData.json */,
				3EDAA164183F4B7300BDB026 /* libWeiboSDK */,
				3EDAA15B183F4ADA00BDB026 /* RootViewController.h */,
				3EDAA15C183F4ADA00BDB026 /* RootViewController.m */,
				3EDAA144183F49FA00BDB026 /* Weibo_Test-0001 */,
				3EDAA13D183F49FA00BDB026 /* Frameworks */,
				3EDAA13C183F49FA00BDB026 /* Products */,
			);
			sourceTree = "<group>";
		};
		3EDAA13C183F49FA00BDB026 /* Products */ = {
			isa = PBXGroup;
			children = (
				3EDAA13B183F49FA00BDB026 /* Weibo_Test-0001.app */,
			);
			name = Products;
			sourceTree = "<group>";
		};
		3EDAA13D183F49FA00BDB026 /* Frameworks */ = {
			isa = PBXGroup;
			children = (
				3E9BB7111848818200D1E418 /* libsqlite3.0.dylib */,
				3E9D28721845D9A0003BF289 /* MediaPlayer.framework */,
				3EA7F9D0184480E700F39EF6 /* libxml2.2.dylib */,
				3EDAA13E183F49FA00BDB026 /* UIKit.framework */,
				3EDAA140183F49FA00BDB026 /* Foundation.framework */,
				3EDAA142183F49FA00BDB026 /* CoreGraphics.framework */,
			);
			name = Frameworks;
			sourceTree = "<group>";
		};
		3EDAA144183F49FA00BDB026 /* Weibo_Test-0001 */ = {
			isa = PBXGroup;
			children = (
				3EDAA14D183F49FA00BDB026 /* AppDelegate.h */,
				3EDAA14E183F49FA00BDB026 /* AppDelegate.m */,
				3EDAA145183F49FA00BDB026 /* Supporting Files */,
			);
			path = "Weibo_Test-0001";
			sourceTree = "<group>";
		};
		3EDAA145183F49FA00BDB026 /* Supporting Files */ = {
			isa = PBXGroup;
			children = (
				3EDAA146183F49FA00BDB026 /* Weibo_Test-0001-Info.plist */,
				3EDAA147183F49FA00BDB026 /* InfoPlist.strings */,
				3EDAA14A183F49FA00BDB026 /* main.m */,
				3EDAA14C183F49FA00BDB026 /* Weibo_Test-0001-Prefix.pch */,
				3EDAA150183F49FA00BDB026 /* Default.png */,
				3EDAA152183F49FA00BDB026 /* Default@2x.png */,
				3EDAA154183F49FA00BDB026 /* Default-568h@2x.png */,
			);
			name = "Supporting Files";
			sourceTree = "<group>";
		};
		3EDAA164183F4B7300BDB026 /* libWeiboSDK */ = {
			isa = PBXGroup;
			children = (
				3EDAA165183F4B7300BDB026 /* libWeiboSDK.a */,
				3EDAA166183F4B7300BDB026 /* WeiboSDK.bundle */,
				3EDAA167183F4B7300BDB026 /* WeiboSDK.h */,
			);
			path = libWeiboSDK;
			sourceTree = "<group>";
		};
/* End PBXGroup section */

/* Begin PBXNativeTarget section */
		3EDAA13A183F49FA00BDB026 /* Weibo_Test-0001 */ = {
			isa = PBXNativeTarget;
			buildConfigurationList = 3EDAA158183F49FA00BDB026 /* Build configuration list for PBXNativeTarget "Weibo_Test-0001" */;
			buildPhases = (
				3EDAA137183F49FA00BDB026 /* Sources */,
				3EDAA138183F49FA00BDB026 /* Frameworks */,
				3EDAA139183F49FA00BDB026 /* Resources */,
			);
			buildRules = (
			);
			dependencies = (
			);
			name = "Weibo_Test-0001";
			productName = "Weibo_Test-0001";
			productReference = 3EDAA13B183F49FA00BDB026 /* Weibo_Test-0001.app */;
			productType = "com.apple.product-type.application";
		};
/* End PBXNativeTarget section */

/* Begin PBXProject section */
		3EDAA133183F49FA00BDB026 /* Project object */ = {
			isa = PBXProject;
			attributes = {
				LastUpgradeCheck = 0460;
				ORGANIZATIONNAME = Ibokan;
			};
			buildConfigurationList = 3EDAA136183F49FA00BDB026 /* Build configuration list for PBXProject "Weibo_Test-0001" */;
			compatibilityVersion = "Xcode 3.2";
			developmentRegion = English;
			hasScannedForEncodings = 0;
			knownRegions = (
				en,
			);
			mainGroup = 3EDAA132183F49F900BDB026;
			productRefGroup = 3EDAA13C183F49FA00BDB026 /* Products */;
			projectDirPath = "";
			projectRoot = "";
			targets = (
				3EDAA13A183F49FA00BDB026 /* Weibo_Test-0001 */,
			);
		};
/* End PBXProject section */

/* Begin PBXResourcesBuildPhase section */
		3EDAA139183F49FA00BDB026 /* Resources */ = {
			isa = PBXResourcesBuildPhase;
			buildActionMask = 2147483647;
			files = (
				3EDAA149183F49FA00BDB026 /* InfoPlist.strings in Resources */,
				3EDAA151183F49FA00BDB026 /* Default.png in Resources */,
				3EDAA153183F49FA00BDB026 /* Default@2x.png in Resources */,
				3EDAA155183F49FA00BDB026 /* Default-568h@2x.png in Resources */,
				3EDAA169183F4B7300BDB026 /* WeiboSDK.bundle in Resources */,
				3EA7F9B718447CE100F39EF6 /* TestData.json in Resources */,
			);
			runOnlyForDeploymentPostprocessing = 0;
		};
/* End PBXResourcesBuildPhase section */

/* Begin PBXSourcesBuildPhase section */
		3EDAA137183F49FA00BDB026 /* Sources */ = {
			isa = PBXSourcesBuildPhase;
			buildActionMask = 2147483647;
			files = (
				3EDAA14B183F49FA00BDB026 /* main.m in Sources */,
				3EDAA14F183F49FA00BDB026 /* AppDelegate.m in Sources */,
				3EDAA15D183F4ADA00BDB026 /* RootViewController.m in Sources */,
				3EA7F9D418448B9300F39EF6 /* Public_Timeline_Weibo.m in Sources */,
				3EA7F9D718449EE400F39EF6 /* WeiBoContext.m in Sources */,
				3EA7F9DA18449F1C00F39EF6 /* UserInfo.m in Sources */,
				3E9D286E1845A4FA003BF289 /* Emotions.m in Sources */,
				3E9D28711845CC60003BF289 /* ImageDownload.m in Sources */,
				3E9474A41846DDE200C28A41 /* WBHTTP_Request_Block.m in Sources */,
				3E9474A71846E0E400C28A41 /* Friends_Timeline_Weibo.m in Sources */,
				3E9BB71E184883F200D1E418 /* FMDatabase.m in Sources */,
				3E9BB71F184883F200D1E418 /* FMDatabaseAdditions.m in Sources */,
				3E9BB720184883F200D1E418 /* FMDatabasePool.m in Sources */,
				3E9BB721184883F200D1E418 /* FMDatabaseQueue.m in Sources */,
				3E9BB722184883F200D1E418 /* FMResultSet.m in Sources */,
				3E9BB725184893A300D1E418 /* WeiboDataBase.m in Sources */,
				3EA05BC2184B2E2200D6D941 /* Comment.m in Sources */,
				3EA05BC5184B325300D6D941 /* Privacy.m in Sources */,
				3EA05BC8184B347500D6D941 /* Remind.m in Sources */,
				3EA05BCB184B369600D6D941 /* Url_short.m in Sources */,
				3EA05BCE184B382F00D6D941 /* Geo.m in Sources */,
			);
			runOnlyForDeploymentPostprocessing = 0;
		};
/* End PBXSourcesBuildPhase section */

/* Begin PBXVariantGroup section */
		3EDAA147183F49FA00BDB026 /* InfoPlist.strings */ = {
			isa = PBXVariantGroup;
			children = (
				3EDAA148183F49FA00BDB026 /* en */,
			);
			name = InfoPlist.strings;
			sourceTree = "<group>";
		};
/* End PBXVariantGroup section */

/* Begin XCBuildConfiguration section */
		3EDAA156183F49FA00BDB026 /* Debug */ = {
			isa = XCBuildConfiguration;
			buildSettings = {
				ALWAYS_SEARCH_USER_PATHS = NO;
				CLANG_CXX_LANGUAGE_STANDARD = "gnu++0x";
				CLANG_CXX_LIBRARY = "libc++";
				CLANG_ENABLE_OBJC_ARC = YES;
				CLANG_WARN_CONSTANT_CONVERSION = YES;
				CLANG_WARN_EMPTY_BODY = YES;
				CLANG_WARN_ENUM_CONVERSION = YES;
				CLANG_WARN_INT_CONVERSION = YES;
				CLANG_WARN__DUPLICATE_METHOD_MATCH = YES;
				"CODE_SIGN_IDENTITY[sdk=iphoneos*]" = "iPhone Developer";
				COPY_PHASE_STRIP = NO;
				GCC_C_LANGUAGE_STANDARD = gnu99;
				GCC_DYNAMIC_NO_PIC = NO;
				GCC_OPTIMIZATION_LEVEL = 0;
				GCC_PREPROCESSOR_DEFINITIONS = (
					"DEBUG=1",
					"$(inherited)",
				);
				GCC_SYMBOLS_PRIVATE_EXTERN = NO;
				GCC_WARN_ABOUT_RETURN_TYPE = YES;
				GCC_WARN_UNINITIALIZED_AUTOS = YES;
				GCC_WARN_UNUSED_VARIABLE = YES;
				IPHONEOS_DEPLOYMENT_TARGET = 6.1;
				ONLY_ACTIVE_ARCH = YES;
				SDKROOT = iphoneos;
			};
			name = Debug;
		};
		3EDAA157183F49FA00BDB026 /* Release */ = {
			isa = XCBuildConfiguration;
			buildSettings = {
				ALWAYS_SEARCH_USER_PATHS = NO;
				CLANG_CXX_LANGUAGE_STANDARD = "gnu++0x";
				CLANG_CXX_LIBRARY = "libc++";
				CLANG_ENABLE_OBJC_ARC = YES;
				CLANG_WARN_CONSTANT_CONVERSION = YES;
				CLANG_WARN_EMPTY_BODY = YES;
				CLANG_WARN_ENUM_CONVERSION = YES;
				CLANG_WARN_INT_CONVERSION = YES;
				CLANG_WARN__DUPLICATE_METHOD_MATCH = YES;
				"CODE_SIGN_IDENTITY[sdk=iphoneos*]" = "iPhone Developer";
				COPY_PHASE_STRIP = YES;
				GCC_C_LANGUAGE_STANDARD = gnu99;
				GCC_WARN_ABOUT_RETURN_TYPE = YES;
				GCC_WARN_UNINITIALIZED_AUTOS = YES;
				GCC_WARN_UNUSED_VARIABLE = YES;
				IPHONEOS_DEPLOYMENT_TARGET = 6.1;
				OTHER_CFLAGS = "-DNS_BLOCK_ASSERTIONS=1";
				SDKROOT = iphoneos;
				VALIDATE_PRODUCT = YES;
			};
			name = Release;
		};
		3EDAA159183F49FA00BDB026 /* Debug */ = {
			isa = XCBuildConfiguration;
			buildSettings = {
				GCC_PRECOMPILE_PREFIX_HEADER = YES;
				GCC_PREFIX_HEADER = "Weibo_Test-0001/Weibo_Test-0001-Prefix.pch";
				HEADER_SEARCH_PATHS = /usr/include/libxml2;
				INFOPLIST_FILE = "Weibo_Test-0001/Weibo_Test-0001-Info.plist";
				LIBRARY_SEARCH_PATHS = (
					"$(inherited)",
					"\"$(SRCROOT)/libWeiboSDK\"",
				);
				OTHER_LDFLAGS = "-objC";
				PRODUCT_NAME = "$(TARGET_NAME)";
				WRAPPER_EXTENSION = app;
			};
			name = Debug;
		};
		3EDAA15A183F49FA00BDB026 /* Release */ = {
			isa = XCBuildConfiguration;
			buildSettings = {
				GCC_PRECOMPILE_PREFIX_HEADER = YES;
				GCC_PREFIX_HEADER = "Weibo_Test-0001/Weibo_Test-0001-Prefix.pch";
				HEADER_SEARCH_PATHS = /usr/include/libxml2;
				INFOPLIST_FILE = "Weibo_Test-0001/Weibo_Test-0001-Info.plist";
				LIBRARY_SEARCH_PATHS = (
					"$(inherited)",
					"\"$(SRCROOT)/libWeiboSDK\"",
				);
				OTHER_LDFLAGS = "-objC";
				PRODUCT_NAME = "$(TARGET_NAME)";
				WRAPPER_EXTENSION = app;
			};
			name = Release;
		};
/* End XCBuildConfiguration section */

/* Begin XCConfigurationList section */
		3EDAA136183F49FA00BDB026 /* Build configuration list for PBXProject "Weibo_Test-0001" */ = {
			isa = XCConfigurationList;
			buildConfigurations = (
				3EDAA156183F49FA00BDB026 /* Debug */,
				3EDAA157183F49FA00BDB026 /* Release */,
			);
			defaultConfigurationIsVisible = 0;
			defaultConfigurationName = Release;
		};
		3EDAA158183F49FA00BDB026 /* Build configuration list for PBXNativeTarget "Weibo_Test-0001" */ = {
			isa = XCConfigurationList;
			buildConfigurations = (
				3EDAA159183F49FA00BDB026 /* Debug */,
				3EDAA15A183F49FA00BDB026 /* Release */,
			);
			defaultConfigurationIsVisible = 0;
			defaultConfigurationName = Release;
		};
/* End XCConfigurationList section */
	};
	rootObject = 3EDAA133183F49FA00BDB026 /* Project object */;
}
